
Microsoft Visual Studio Solution File, Format Version 12.00
# Visual Studio Version 16
VisualStudioVersion = 16.0.32802.440
MinimumVisualStudioVersion = 10.0.40219.1
Project("{9A19103F-16F7-4668-BE54-9A1E7A4F7556}") = "AgendaApp", "Agenda\AgendaApp.csproj", "{4ACD7EE6-A99A-45C5-B150-2A6D27201723}"
EndProject
Project("{9A19103F-16F7-4668-BE54-9A1E7A4F7556}") = "RetanguloApp", "Retangulo\RetanguloApp.csproj", "{9EB09328-1EC6-40EC-BF1D-9433D2370956}"
EndProject
Project("{9A19103F-16F7-4668-BE54-9A1E7A4F7556}") = "Equacao2grau", "Equacao2grau\Equacao2grau.csproj", "{D714AD40-7850-4FC1-8586-CB0AECE2EAF6}"
EndProject
Project("{FAE04EC0-301F-11D3-BF4B-00C04F79EFBC}") = "[1] Abastecimento", "[1] Abastecimento\[1] Abastecimento.csproj", "{0F5D9D71-4275-454B-B722-1382C91164F3}"
EndProject
Global
	GlobalSection(SolutionConfigurationPlatforms) = preSolution
		Debug|Any CPU = Debug|Any CPU
		Release|Any CPU = Release|Any CPU
	EndGlobalSection
	GlobalSection(ProjectConfigurationPlatforms) = postSolution
		{4ACD7EE6-A99A-45C5-B150-2A6D27201723}.Debug|Any CPU.ActiveCfg = Debug|Any CPU
		{4ACD7EE6-A99A-45C5-B150-2A6D27201723}.Debug|Any CPU.Build.0 = Debug|Any CPU
		{4ACD7EE6-A99A-45C5-B150-2A6D27201723}.Release|Any CPU.ActiveCfg = Release|Any CPU
		{4ACD7EE6-A99A-45C5-B150-2A6D27201723}.Release|Any CPU.Build.0 = Release|Any CPU
		{9EB09328-1EC6-40EC-BF1D-9433D2370956}.Debug|Any CPU.ActiveCfg = Debug|Any CPU
		{9EB09328-1EC6-40EC-BF1D-9433D2370956}.Debug|Any CPU.Build.0 = Debug|Any CPU
		{9EB09328-1EC6-40EC-BF1D-9433D2370956}.Release|Any CPU.ActiveCfg = Release|Any CPU
		{9EB09328-1EC6-40EC-BF1D-9433D2370956}.Release|Any CPU.Build.0 = Release|Any CPU
		{D714AD40-7850-4FC1-8586-CB0AECE2EAF6}.Debug|Any CPU.ActiveCfg = Debug|Any CPU
		{D714AD40-7850-4FC1-8586-CB0AECE2EAF6}.Debug|Any CPU.Build.0 = Debug|Any CPU
		{D714AD40-7850-4FC1-8586-CB0AECE2EAF6}.Release|Any CPU.ActiveCfg = Release|Any CPU
		{D714AD40-7850-4FC1-8586-CB0AECE2EAF6}.Release|Any CPU.Build.0 = Release|Any CPU
		{0F5D9D71-4275-454B-B722-1382C91164F3}.Debug|Any CPU.ActiveCfg = Debug|Any CPU
		{0F5D9D71-4275-454B-B722-1382C91164F3}.Debug|Any CPU.Build.0 = Debug|Any CPU
		{0F5D9D71-4275-454B-B722-1382C91164F3}.Release|Any CPU.ActiveCfg = Release|Any CPU
		{0F5D9D71-4275-454B-B722-1382C91164F3}.Release|Any CPU.Build.0 = Release|Any CPU
	EndGlobalSection
	GlobalSection(SolutionProperties) = preSolution
		HideSolutionNode = FALSE
	EndGlobalSection
	GlobalSection(ExtensibilityGlobals) = postSolution
		SolutionGuid = {6EA9F68B-2617-42AA-B1A7-D40697BCFB0B}
	EndGlobalSection
EndGlobal
